
Microsoft Visual Studio Solution File, Format Version 12.00
# Visual Studio Version 16
VisualStudioVersion = 16.0.32413.511
MinimumVisualStudioVersion = 10.0.40219.1
Project("{FAE04EC0-301F-11D3-BF4B-00C04F79EFBC}") = "PDC03_MOD02.Android", "PDC03_MOD02\PDC03_MOD02.Android\PDC03_MOD02.Android.csproj", "{3FACEF04-9AA9-4A36-98BB-7CC17D976FD2}"
EndProject
Project("{FAE04EC0-301F-11D3-BF4B-00C04F79EFBC}") = "PDC03_MOD02", "PDC03_MOD02\PDC03_MOD02\PDC03_MOD02.csproj", "{8FB6D71F-FE3C-4549-9D3B-AAF2EF831C49}"
EndProject
Global
	GlobalSection(SolutionConfigurationPlatforms) = preSolution
		Debug|Any CPU = Debug|Any CPU
		Release|Any CPU = Release|Any CPU
	EndGlobalSection
	GlobalSection(ProjectConfigurationPlatforms) = postSolution
		{3FACEF04-9AA9-4A36-98BB-7CC17D976FD2}.Debug|Any CPU.ActiveCfg = Debug|Any CPU
		{3FACEF04-9AA9-4A36-98BB-7CC17D976FD2}.Debug|Any CPU.Build.0 = Debug|Any CPU
		{3FACEF04-9AA9-4A36-98BB-7CC17D976FD2}.Debug|Any CPU.Deploy.0 = Debug|Any CPU
		{3FACEF04-9AA9-4A36-98BB-7CC17D976FD2}.Release|Any CPU.ActiveCfg = Release|Any CPU
		{3FACEF04-9AA9-4A36-98BB-7CC17D976FD2}.Release|Any CPU.Build.0 = Release|Any CPU
		{3FACEF04-9AA9-4A36-98BB-7CC17D976FD2}.Release|Any CPU.Deploy.0 = Release|Any CPU
		{8FB6D71F-FE3C-4549-9D3B-AAF2EF831C49}.Debug|Any CPU.ActiveCfg = Debug|Any CPU
		{8FB6D71F-FE3C-4549-9D3B-AAF2EF831C49}.Debug|Any CPU.Build.0 = Debug|Any CPU
		{8FB6D71F-FE3C-4549-9D3B-AAF2EF831C49}.Debug|Any CPU.Deploy.0 = Debug|Any CPU
		{8FB6D71F-FE3C-4549-9D3B-AAF2EF831C49}.Release|Any CPU.ActiveCfg = Release|Any CPU
		{8FB6D71F-FE3C-4549-9D3B-AAF2EF831C49}.Release|Any CPU.Build.0 = Release|Any CPU
		{8FB6D71F-FE3C-4549-9D3B-AAF2EF831C49}.Release|Any CPU.Deploy.0 = Release|Any CPU
	EndGlobalSection
	GlobalSection(SolutionProperties) = preSolution
		HideSolutionNode = FALSE
	EndGlobalSection
	GlobalSection(ExtensibilityGlobals) = postSolution
		SolutionGuid = {68036C2D-42AE-4F66-93DA-F5D2362FC59B}
	EndGlobalSection
EndGlobal
